
Microsoft Visual Studio Solution File, Format Version 12.00
# Visual Studio 2013
VisualStudioVersion = 12.0.31101.0
MinimumVisualStudioVersion = 10.0.40219.1
Project("{FAE04EC0-301F-11D3-BF4B-00C04F79EFBC}") = "RElmah", "RElmah\RElmah.csproj", "{A416ED91-F73F-4F01-94D0-E1D3E2B37BA9}"
EndProject
Project("{2150E333-8FDC-42A3-9474-1A3956D46DE8}") = "Common", "Common", "{EE820F18-5224-42BA-BF4F-81679575D09F}"
	ProjectSection(SolutionItems) = preProject
		Common\VersionInfo.cs = Common\VersionInfo.cs
	EndProjectSection
EndProject
Project("{FAE04EC0-301F-11D3-BF4B-00C04F79EFBC}") = "RElmah.Tests", "RElmah.Tests\RElmah.Tests.csproj", "{8EB9853F-41B2-4650-931F-9BC3DC26B8A9}"
EndProject
Project("{FAE04EC0-301F-11D3-BF4B-00C04F79EFBC}") = "RElmah.Host", "RElmah.Host.SignalR\RElmah.Host.csproj", "{8C7B3D26-F32A-4845-9DDF-7359AA5B232E}"
EndProject
Project("{2150E333-8FDC-42A3-9474-1A3956D46DE8}") = "Samples", "Samples", "{45DE8F9D-E3D9-425F-BEFC-E904E75D3765}"
	ProjectSection(SolutionItems) = preProject
		Samples\Linqpad\basic.linq = Samples\Linqpad\basic.linq
	EndProjectSection
EndProject
Project("{FAE04EC0-301F-11D3-BF4B-00C04F79EFBC}") = "RElmah.Server", "Samples\RElmah.Server\RElmah.Server.csproj", "{5A31FC67-9707-41D7-BB12-A307C9A7B9FB}"
EndProject
Project("{2150E333-8FDC-42A3-9474-1A3956D46DE8}") = "JS", "JS", "{4E4EF74B-9518-459E-8734-489238AFD9A0}"
	ProjectSection(SolutionItems) = preProject
		RElmah.JS\relmah.js = RElmah.JS\relmah.js
	EndProjectSection
EndProject
Project("{FAE04EC0-301F-11D3-BF4B-00C04F79EFBC}") = "RElmah.Common", "RElmah.Common\RElmah.Common.csproj", "{187CC6A7-8D7E-4D9D-A954-08B68F9C69D4}"
EndProject
Project("{FAE04EC0-301F-11D3-BF4B-00C04F79EFBC}") = "RElmah.Source", "Samples\RElmah.Source\RElmah.Source.csproj", "{813CAA47-8B20-40CF-8017-7CF0918366B5}"
EndProject
Project("{FAE04EC0-301F-11D3-BF4B-00C04F79EFBC}") = "RElmah.Dashboard.Basic", "Samples\RElmah.Dashboard.Basic\RElmah.Dashboard.Basic.csproj", "{7A43F767-7FDD-40BE-94AD-906F491BAE47}"
EndProject
Project("{FAE04EC0-301F-11D3-BF4B-00C04F79EFBC}") = "RElmah.Client", "RElmah.Client\RElmah.Client.csproj", "{E060A8C6-F69C-4908-AD4F-ADFD07A129FA}"
EndProject
Project("{FAE04EC0-301F-11D3-BF4B-00C04F79EFBC}") = "RElmah.Elmah", "RElmah.Elmah\RElmah.Elmah.csproj", "{F791BCE5-7B0C-4002-B7B7-AEA4FA04DF88}"
EndProject
Project("{2150E333-8FDC-42A3-9474-1A3956D46DE8}") = "Tests", "Tests", "{31B5F81F-14D1-438B-99B0-840C33668EA4}"
EndProject
Global
	GlobalSection(SolutionConfigurationPlatforms) = preSolution
		Debug|Any CPU = Debug|Any CPU
		Release|Any CPU = Release|Any CPU
	EndGlobalSection
	GlobalSection(ProjectConfigurationPlatforms) = postSolution
		{A416ED91-F73F-4F01-94D0-E1D3E2B37BA9}.Debug|Any CPU.ActiveCfg = Debug|Any CPU
		{A416ED91-F73F-4F01-94D0-E1D3E2B37BA9}.Debug|Any CPU.Build.0 = Debug|Any CPU
		{A416ED91-F73F-4F01-94D0-E1D3E2B37BA9}.Release|Any CPU.ActiveCfg = Release|Any CPU
		{A416ED91-F73F-4F01-94D0-E1D3E2B37BA9}.Release|Any CPU.Build.0 = Release|Any CPU
		{8EB9853F-41B2-4650-931F-9BC3DC26B8A9}.Debug|Any CPU.ActiveCfg = Debug|Any CPU
		{8EB9853F-41B2-4650-931F-9BC3DC26B8A9}.Debug|Any CPU.Build.0 = Debug|Any CPU
		{8EB9853F-41B2-4650-931F-9BC3DC26B8A9}.Release|Any CPU.ActiveCfg = Release|Any CPU
		{8EB9853F-41B2-4650-931F-9BC3DC26B8A9}.Release|Any CPU.Build.0 = Release|Any CPU
		{8C7B3D26-F32A-4845-9DDF-7359AA5B232E}.Debug|Any CPU.ActiveCfg = Debug|Any CPU
		{8C7B3D26-F32A-4845-9DDF-7359AA5B232E}.Debug|Any CPU.Build.0 = Debug|Any CPU
		{8C7B3D26-F32A-4845-9DDF-7359AA5B232E}.Release|Any CPU.ActiveCfg = Release|Any CPU
		{8C7B3D26-F32A-4845-9DDF-7359AA5B232E}.Release|Any CPU.Build.0 = Release|Any CPU
		{5A31FC67-9707-41D7-BB12-A307C9A7B9FB}.Debug|Any CPU.ActiveCfg = Debug|Any CPU
		{5A31FC67-9707-41D7-BB12-A307C9A7B9FB}.Debug|Any CPU.Build.0 = Debug|Any CPU
		{5A31FC67-9707-41D7-BB12-A307C9A7B9FB}.Release|Any CPU.ActiveCfg = Release|Any CPU
		{5A31FC67-9707-41D7-BB12-A307C9A7B9FB}.Release|Any CPU.Build.0 = Release|Any CPU
		{187CC6A7-8D7E-4D9D-A954-08B68F9C69D4}.Debug|Any CPU.ActiveCfg = Debug|Any CPU
		{187CC6A7-8D7E-4D9D-A954-08B68F9C69D4}.Debug|Any CPU.Build.0 = Debug|Any CPU
		{187CC6A7-8D7E-4D9D-A954-08B68F9C69D4}.Release|Any CPU.ActiveCfg = Release|Any CPU
		{187CC6A7-8D7E-4D9D-A954-08B68F9C69D4}.Release|Any CPU.Build.0 = Release|Any CPU
		{813CAA47-8B20-40CF-8017-7CF0918366B5}.Debug|Any CPU.ActiveCfg = Debug|Any CPU
		{813CAA47-8B20-40CF-8017-7CF0918366B5}.Debug|Any CPU.Build.0 = Debug|Any CPU
		{813CAA47-8B20-40CF-8017-7CF0918366B5}.Release|Any CPU.ActiveCfg = Release|Any CPU
		{813CAA47-8B20-40CF-8017-7CF0918366B5}.Release|Any CPU.Build.0 = Release|Any CPU
		{7A43F767-7FDD-40BE-94AD-906F491BAE47}.Debug|Any CPU.ActiveCfg = Debug|Any CPU
		{7A43F767-7FDD-40BE-94AD-906F491BAE47}.Debug|Any CPU.Build.0 = Debug|Any CPU
		{7A43F767-7FDD-40BE-94AD-906F491BAE47}.Release|Any CPU.ActiveCfg = Release|Any CPU
		{7A43F767-7FDD-40BE-94AD-906F491BAE47}.Release|Any CPU.Build.0 = Release|Any CPU
		{E060A8C6-F69C-4908-AD4F-ADFD07A129FA}.Debug|Any CPU.ActiveCfg = Debug|Any CPU
		{E060A8C6-F69C-4908-AD4F-ADFD07A129FA}.Debug|Any CPU.Build.0 = Debug|Any CPU
		{E060A8C6-F69C-4908-AD4F-ADFD07A129FA}.Release|Any CPU.ActiveCfg = Release|Any CPU
		{E060A8C6-F69C-4908-AD4F-ADFD07A129FA}.Release|Any CPU.Build.0 = Release|Any CPU
		{F791BCE5-7B0C-4002-B7B7-AEA4FA04DF88}.Debug|Any CPU.ActiveCfg = Debug|Any CPU
		{F791BCE5-7B0C-4002-B7B7-AEA4FA04DF88}.Debug|Any CPU.Build.0 = Debug|Any CPU
		{F791BCE5-7B0C-4002-B7B7-AEA4FA04DF88}.Release|Any CPU.ActiveCfg = Release|Any CPU
		{F791BCE5-7B0C-4002-B7B7-AEA4FA04DF88}.Release|Any CPU.Build.0 = Release|Any CPU
	EndGlobalSection
	GlobalSection(SolutionProperties) = preSolution
		HideSolutionNode = FALSE
	EndGlobalSection
	GlobalSection(NestedProjects) = preSolution
		{8EB9853F-41B2-4650-931F-9BC3DC26B8A9} = {31B5F81F-14D1-438B-99B0-840C33668EA4}
		{5A31FC67-9707-41D7-BB12-A307C9A7B9FB} = {45DE8F9D-E3D9-425F-BEFC-E904E75D3765}
		{813CAA47-8B20-40CF-8017-7CF0918366B5} = {45DE8F9D-E3D9-425F-BEFC-E904E75D3765}
		{7A43F767-7FDD-40BE-94AD-906F491BAE47} = {45DE8F9D-E3D9-425F-BEFC-E904E75D3765}
	EndGlobalSection
EndGlobal
