
Microsoft Visual Studio Solution File, Format Version 12.00
# Visual Studio 2013
VisualStudioVersion = 12.0.30723.0
MinimumVisualStudioVersion = 10.0.40219.1
Project("{FAE04EC0-301F-11D3-BF4B-00C04F79EFBC}") = "RElmah", "RElmah\RElmah.csproj", "{A416ED91-F73F-4F01-94D0-E1D3E2B37BA9}"
EndProject
Project("{2150E333-8FDC-42A3-9474-1A3956D46DE8}") = "Common", "Common", "{EE820F18-5224-42BA-BF4F-81679575D09F}"
	ProjectSection(SolutionItems) = preProject
		Common\VersionInfo.cs = Common\VersionInfo.cs
	EndProjectSection
EndProject
Project("{FAE04EC0-301F-11D3-BF4B-00C04F79EFBC}") = "RElmah.Tests", "RElmah.Tests\RElmah.Tests.csproj", "{8EB9853F-41B2-4650-931F-9BC3DC26B8A9}"
EndProject
Project("{FAE04EC0-301F-11D3-BF4B-00C04F79EFBC}") = "RElmah.Host.SignalR", "RElmah.Host.SignalR\RElmah.Host.SignalR.csproj", "{8C7B3D26-F32A-4845-9DDF-7359AA5B232E}"
EndProject
Project("{2150E333-8FDC-42A3-9474-1A3956D46DE8}") = "Samples", "Samples", "{45DE8F9D-E3D9-425F-BEFC-E904E75D3765}"
EndProject
Project("{FAE04EC0-301F-11D3-BF4B-00C04F79EFBC}") = "RElmah.Server", "Samples\RElmah.Server\RElmah.Server.csproj", "{5A31FC67-9707-41D7-BB12-A307C9A7B9FB}"
EndProject
Global
	GlobalSection(SolutionConfigurationPlatforms) = preSolution
		Debug|Any CPU = Debug|Any CPU
		Release|Any CPU = Release|Any CPU
	EndGlobalSection
	GlobalSection(ProjectConfigurationPlatforms) = postSolution
		{A416ED91-F73F-4F01-94D0-E1D3E2B37BA9}.Debug|Any CPU.ActiveCfg = Debug|Any CPU
		{A416ED91-F73F-4F01-94D0-E1D3E2B37BA9}.Debug|Any CPU.Build.0 = Debug|Any CPU
		{A416ED91-F73F-4F01-94D0-E1D3E2B37BA9}.Release|Any CPU.ActiveCfg = Release|Any CPU
		{A416ED91-F73F-4F01-94D0-E1D3E2B37BA9}.Release|Any CPU.Build.0 = Release|Any CPU
		{8EB9853F-41B2-4650-931F-9BC3DC26B8A9}.Debug|Any CPU.ActiveCfg = Debug|Any CPU
		{8EB9853F-41B2-4650-931F-9BC3DC26B8A9}.Debug|Any CPU.Build.0 = Debug|Any CPU
		{8EB9853F-41B2-4650-931F-9BC3DC26B8A9}.Release|Any CPU.ActiveCfg = Release|Any CPU
		{8EB9853F-41B2-4650-931F-9BC3DC26B8A9}.Release|Any CPU.Build.0 = Release|Any CPU
		{8C7B3D26-F32A-4845-9DDF-7359AA5B232E}.Debug|Any CPU.ActiveCfg = Debug|Any CPU
		{8C7B3D26-F32A-4845-9DDF-7359AA5B232E}.Debug|Any CPU.Build.0 = Debug|Any CPU
		{8C7B3D26-F32A-4845-9DDF-7359AA5B232E}.Release|Any CPU.ActiveCfg = Release|Any CPU
		{8C7B3D26-F32A-4845-9DDF-7359AA5B232E}.Release|Any CPU.Build.0 = Release|Any CPU
		{5A31FC67-9707-41D7-BB12-A307C9A7B9FB}.Debug|Any CPU.ActiveCfg = Debug|Any CPU
		{5A31FC67-9707-41D7-BB12-A307C9A7B9FB}.Debug|Any CPU.Build.0 = Debug|Any CPU
		{5A31FC67-9707-41D7-BB12-A307C9A7B9FB}.Release|Any CPU.ActiveCfg = Release|Any CPU
		{5A31FC67-9707-41D7-BB12-A307C9A7B9FB}.Release|Any CPU.Build.0 = Release|Any CPU
	EndGlobalSection
	GlobalSection(SolutionProperties) = preSolution
		HideSolutionNode = FALSE
	EndGlobalSection
	GlobalSection(NestedProjects) = preSolution
		{5A31FC67-9707-41D7-BB12-A307C9A7B9FB} = {45DE8F9D-E3D9-425F-BEFC-E904E75D3765}
	EndGlobalSection
EndGlobal
