
Microsoft Visual Studio Solution File, Format Version 12.00
# Visual Studio 2013
VisualStudioVersion = 12.0.30110.0
MinimumVisualStudioVersion = 10.0.40219.1
Project("{FAE04EC0-301F-11D3-BF4B-00C04F79EFBC}") = "RElmah.Server", "RElmah.Server\RElmah.Server.csproj", "{1796D127-CA82-4131-8A99-8359C305BA0E}"
EndProject
Project("{2150E333-8FDC-42A3-9474-1A3956D46DE8}") = "Tests", "Tests", "{B7832457-4AE2-47F2-BCBD-F9F6B89DBC5A}"
EndProject
Project("{FAE04EC0-301F-11D3-BF4B-00C04F79EFBC}") = "RElmah.Server.Tests", "RElmah.Server.Tests\RElmah.Server.Tests.csproj", "{BEEE3777-7A66-4292-9796-1BC95B0125FA}"
EndProject
Global
	GlobalSection(SolutionConfigurationPlatforms) = preSolution
		Debug|Any CPU = Debug|Any CPU
		Release|Any CPU = Release|Any CPU
	EndGlobalSection
	GlobalSection(ProjectConfigurationPlatforms) = postSolution
		{1796D127-CA82-4131-8A99-8359C305BA0E}.Debug|Any CPU.ActiveCfg = Debug|Any CPU
		{1796D127-CA82-4131-8A99-8359C305BA0E}.Debug|Any CPU.Build.0 = Debug|Any CPU
		{1796D127-CA82-4131-8A99-8359C305BA0E}.Release|Any CPU.ActiveCfg = Release|Any CPU
		{1796D127-CA82-4131-8A99-8359C305BA0E}.Release|Any CPU.Build.0 = Release|Any CPU
		{BEEE3777-7A66-4292-9796-1BC95B0125FA}.Debug|Any CPU.ActiveCfg = Debug|Any CPU
		{BEEE3777-7A66-4292-9796-1BC95B0125FA}.Debug|Any CPU.Build.0 = Debug|Any CPU
		{BEEE3777-7A66-4292-9796-1BC95B0125FA}.Release|Any CPU.ActiveCfg = Release|Any CPU
		{BEEE3777-7A66-4292-9796-1BC95B0125FA}.Release|Any CPU.Build.0 = Release|Any CPU
	EndGlobalSection
	GlobalSection(SolutionProperties) = preSolution
		HideSolutionNode = FALSE
	EndGlobalSection
	GlobalSection(NestedProjects) = preSolution
		{BEEE3777-7A66-4292-9796-1BC95B0125FA} = {B7832457-4AE2-47F2-BCBD-F9F6B89DBC5A}
	EndGlobalSection
EndGlobal
